
Microsoft Visual Studio Solution File, Format Version 12.00
# Visual Studio 2012
Project("{FAE04EC0-301F-11D3-BF4B-00C04F79EFBC}") = "LeanCloud.Play.NetCore", "LeanCloud.Play\LeanCloud.Play.NetCore.csproj", "{3B8B9505-C57A-4A58-A751-560029B32148}"
EndProject
Global
	GlobalSection(SolutionConfigurationPlatforms) = preSolution
		Debug|Any CPU = Debug|Any CPU
		Release|Any CPU = Release|Any CPU
	EndGlobalSection
	GlobalSection(ProjectConfigurationPlatforms) = postSolution
		{3B8B9505-C57A-4A58-A751-560029B32148}.Debug|Any CPU.ActiveCfg = Debug|Any CPU
		{3B8B9505-C57A-4A58-A751-560029B32148}.Debug|Any CPU.Build.0 = Debug|Any CPU
		{3B8B9505-C57A-4A58-A751-560029B32148}.Release|Any CPU.ActiveCfg = Release|Any CPU
		{3B8B9505-C57A-4A58-A751-560029B32148}.Release|Any CPU.Build.0 = Release|Any CPU
	EndGlobalSection
EndGlobal
