
Microsoft Visual Studio Solution File, Format Version 12.00
# Visual Studio 2012
Project("{FAE04EC0-301F-11D3-BF4B-00C04F79EFBC}") = "LeanCloud.Play.NetCore", "LeanCloud.Play\LeanCloud.Play.NetCore.csproj", "{3B8B9505-C57A-4A58-A751-560029B32148}"
EndProject
Project("{2150E333-8FDC-42A3-9474-1A3956D46DE8}") = "Test", "Test", "{1C9DB209-FC4C-4D2D-B239-46FA74E110A8}"
EndProject
Project("{FAE04EC0-301F-11D3-BF4B-00C04F79EFBC}") = "UnitTest.NetCore", "LeanCloud.Play\Test\UnitTest.NetCore\UnitTest.NetCore.csproj", "{0DE69D02-CA71-4194-A8EE-95FCF7F9B7DF}"
EndProject
Global
	GlobalSection(SolutionConfigurationPlatforms) = preSolution
		Debug|Any CPU = Debug|Any CPU
		Release|Any CPU = Release|Any CPU
	EndGlobalSection
	GlobalSection(ProjectConfigurationPlatforms) = postSolution
		{3B8B9505-C57A-4A58-A751-560029B32148}.Debug|Any CPU.ActiveCfg = Debug|Any CPU
		{3B8B9505-C57A-4A58-A751-560029B32148}.Debug|Any CPU.Build.0 = Debug|Any CPU
		{3B8B9505-C57A-4A58-A751-560029B32148}.Release|Any CPU.ActiveCfg = Release|Any CPU
		{3B8B9505-C57A-4A58-A751-560029B32148}.Release|Any CPU.Build.0 = Release|Any CPU
		{0DE69D02-CA71-4194-A8EE-95FCF7F9B7DF}.Debug|Any CPU.ActiveCfg = Debug|Any CPU
		{0DE69D02-CA71-4194-A8EE-95FCF7F9B7DF}.Debug|Any CPU.Build.0 = Debug|Any CPU
		{0DE69D02-CA71-4194-A8EE-95FCF7F9B7DF}.Release|Any CPU.ActiveCfg = Release|Any CPU
		{0DE69D02-CA71-4194-A8EE-95FCF7F9B7DF}.Release|Any CPU.Build.0 = Release|Any CPU
	EndGlobalSection
	GlobalSection(NestedProjects) = preSolution
		{0DE69D02-CA71-4194-A8EE-95FCF7F9B7DF} = {1C9DB209-FC4C-4D2D-B239-46FA74E110A8}
	EndGlobalSection
EndGlobal
