
Microsoft Visual Studio Solution File, Format Version 12.00
# Visual Studio for Mac
Project("{FAE04EC0-301F-11D3-BF4B-00C04F79EFBC}") = "QuickStart", "QuickStart.csproj", "{84D8BA27-1D67-7590-D20E-FB8B3FAB3529}"
EndProject
Global
	GlobalSection(SolutionConfigurationPlatforms) = preSolution
		Debug|Any CPU = Debug|Any CPU
		Release|Any CPU = Release|Any CPU
	EndGlobalSection
	GlobalSection(ProjectConfigurationPlatforms) = postSolution
		{84D8BA27-1D67-7590-D20E-FB8B3FAB3529}.Debug|Any CPU.ActiveCfg = Debug|Any CPU
		{84D8BA27-1D67-7590-D20E-FB8B3FAB3529}.Debug|Any CPU.Build.0 = Debug|Any CPU
		{84D8BA27-1D67-7590-D20E-FB8B3FAB3529}.Release|Any CPU.ActiveCfg = Release|Any CPU
		{84D8BA27-1D67-7590-D20E-FB8B3FAB3529}.Release|Any CPU.Build.0 = Release|Any CPU
	EndGlobalSection
	GlobalSection(SolutionProperties) = preSolution
		HideSolutionNode = FALSE
	EndGlobalSection
EndGlobal
