
Microsoft Visual Studio Solution File, Format Version 12.00
# Visual Studio for Mac
Project("{FAE04EC0-301F-11D3-BF4B-00C04F79EFBC}") = "QuickStart", "Assembly-CSharp.csproj", "{4314E828-694C-1D6D-1A6D-27555FDF12EF}"
EndProject
Global
	GlobalSection(SolutionConfigurationPlatforms) = preSolution
		Debug|Any CPU = Debug|Any CPU
		Release|Any CPU = Release|Any CPU
	EndGlobalSection
	GlobalSection(ProjectConfigurationPlatforms) = postSolution
		{4314E828-694C-1D6D-1A6D-27555FDF12EF}.Debug|Any CPU.ActiveCfg = Debug|Any CPU
		{4314E828-694C-1D6D-1A6D-27555FDF12EF}.Debug|Any CPU.Build.0 = Debug|Any CPU
		{4314E828-694C-1D6D-1A6D-27555FDF12EF}.Release|Any CPU.ActiveCfg = Release|Any CPU
		{4314E828-694C-1D6D-1A6D-27555FDF12EF}.Release|Any CPU.Build.0 = Release|Any CPU
	EndGlobalSection
	GlobalSection(SolutionProperties) = preSolution
		HideSolutionNode = FALSE
	EndGlobalSection
EndGlobal
